
Microsoft Visual Studio Solution File, Format Version 12.00
# Visual Studio 15
VisualStudioVersion = 15.0.26730.3
MinimumVisualStudioVersion = 10.0.40219.1
Project("{2150E333-8FDC-42A3-9474-1A3956D46DE8}") = "dotNet", "dotNet", "{5BBA48AF-0620-4E80-B347-A365437FD0F1}"
EndProject
Project("{2150E333-8FDC-42A3-9474-1A3956D46DE8}") = "dotNetCore", "dotNetCore", "{F3C9E777-E15C-46D4-A803-B49E13FCF4B7}"
EndProject
Project("{FAE04EC0-301F-11D3-BF4B-00C04F79EFBC}") = "ConsoleApplication", "dotNet\ConsoleApplication\ConsoleApplication.csproj", "{CF65B875-DE3E-43D9-946E-3C98E14CFB54}"
EndProject
Project("{9A19103F-16F7-4668-BE54-9A1E7A4F7556}") = "ConsoleApplication", "doteNetCore\ConsoleApplication\ConsoleApplication.csproj", "{896E27A5-94C0-431F-865C-CA4A242158B8}"
EndProject
Project("{FAE04EC0-301F-11D3-BF4B-00C04F79EFBC}") = "MvcApplication", "dotNet\MvcApplication\MvcApplication.csproj", "{02FF01A7-C7FA-4F77-815C-DC55C56EDB22}"
EndProject
Project("{FAE04EC0-301F-11D3-BF4B-00C04F79EFBC}") = "WebApiApplication", "dotNet\WebApiApplication\WebApiApplication.csproj", "{1EFD5129-2E0C-4C25-8ED4-3D392EE273D0}"
EndProject
Project("{9A19103F-16F7-4668-BE54-9A1E7A4F7556}") = "MvcApplication", "doteNetCore\MvcApplication\MvcApplication.csproj", "{3D19E993-0AD9-41D2-B33F-B3E187AC8C2C}"
EndProject
Project("{9A19103F-16F7-4668-BE54-9A1E7A4F7556}") = "WebApiApplication", "doteNetCore\WebApiApplication\WebApiApplication.csproj", "{1A2324D3-E3CF-4FE7-B0BA-484E14E20CD7}"
EndProject
Global
	GlobalSection(SolutionConfigurationPlatforms) = preSolution
		Debug|Any CPU = Debug|Any CPU
		Release|Any CPU = Release|Any CPU
	EndGlobalSection
	GlobalSection(ProjectConfigurationPlatforms) = postSolution
		{CF65B875-DE3E-43D9-946E-3C98E14CFB54}.Debug|Any CPU.ActiveCfg = Debug|Any CPU
		{CF65B875-DE3E-43D9-946E-3C98E14CFB54}.Debug|Any CPU.Build.0 = Debug|Any CPU
		{CF65B875-DE3E-43D9-946E-3C98E14CFB54}.Release|Any CPU.ActiveCfg = Release|Any CPU
		{CF65B875-DE3E-43D9-946E-3C98E14CFB54}.Release|Any CPU.Build.0 = Release|Any CPU
		{896E27A5-94C0-431F-865C-CA4A242158B8}.Debug|Any CPU.ActiveCfg = Debug|Any CPU
		{896E27A5-94C0-431F-865C-CA4A242158B8}.Debug|Any CPU.Build.0 = Debug|Any CPU
		{896E27A5-94C0-431F-865C-CA4A242158B8}.Release|Any CPU.ActiveCfg = Release|Any CPU
		{896E27A5-94C0-431F-865C-CA4A242158B8}.Release|Any CPU.Build.0 = Release|Any CPU
		{02FF01A7-C7FA-4F77-815C-DC55C56EDB22}.Debug|Any CPU.ActiveCfg = Debug|Any CPU
		{02FF01A7-C7FA-4F77-815C-DC55C56EDB22}.Debug|Any CPU.Build.0 = Debug|Any CPU
		{02FF01A7-C7FA-4F77-815C-DC55C56EDB22}.Release|Any CPU.ActiveCfg = Release|Any CPU
		{02FF01A7-C7FA-4F77-815C-DC55C56EDB22}.Release|Any CPU.Build.0 = Release|Any CPU
		{1EFD5129-2E0C-4C25-8ED4-3D392EE273D0}.Debug|Any CPU.ActiveCfg = Debug|Any CPU
		{1EFD5129-2E0C-4C25-8ED4-3D392EE273D0}.Debug|Any CPU.Build.0 = Debug|Any CPU
		{1EFD5129-2E0C-4C25-8ED4-3D392EE273D0}.Release|Any CPU.ActiveCfg = Release|Any CPU
		{1EFD5129-2E0C-4C25-8ED4-3D392EE273D0}.Release|Any CPU.Build.0 = Release|Any CPU
		{3D19E993-0AD9-41D2-B33F-B3E187AC8C2C}.Debug|Any CPU.ActiveCfg = Debug|Any CPU
		{3D19E993-0AD9-41D2-B33F-B3E187AC8C2C}.Debug|Any CPU.Build.0 = Debug|Any CPU
		{3D19E993-0AD9-41D2-B33F-B3E187AC8C2C}.Release|Any CPU.ActiveCfg = Release|Any CPU
		{3D19E993-0AD9-41D2-B33F-B3E187AC8C2C}.Release|Any CPU.Build.0 = Release|Any CPU
		{1A2324D3-E3CF-4FE7-B0BA-484E14E20CD7}.Debug|Any CPU.ActiveCfg = Debug|Any CPU
		{1A2324D3-E3CF-4FE7-B0BA-484E14E20CD7}.Debug|Any CPU.Build.0 = Debug|Any CPU
		{1A2324D3-E3CF-4FE7-B0BA-484E14E20CD7}.Release|Any CPU.ActiveCfg = Release|Any CPU
		{1A2324D3-E3CF-4FE7-B0BA-484E14E20CD7}.Release|Any CPU.Build.0 = Release|Any CPU
	EndGlobalSection
	GlobalSection(SolutionProperties) = preSolution
		HideSolutionNode = FALSE
	EndGlobalSection
	GlobalSection(NestedProjects) = preSolution
		{CF65B875-DE3E-43D9-946E-3C98E14CFB54} = {5BBA48AF-0620-4E80-B347-A365437FD0F1}
		{896E27A5-94C0-431F-865C-CA4A242158B8} = {F3C9E777-E15C-46D4-A803-B49E13FCF4B7}
		{02FF01A7-C7FA-4F77-815C-DC55C56EDB22} = {5BBA48AF-0620-4E80-B347-A365437FD0F1}
		{1EFD5129-2E0C-4C25-8ED4-3D392EE273D0} = {5BBA48AF-0620-4E80-B347-A365437FD0F1}
		{3D19E993-0AD9-41D2-B33F-B3E187AC8C2C} = {F3C9E777-E15C-46D4-A803-B49E13FCF4B7}
		{1A2324D3-E3CF-4FE7-B0BA-484E14E20CD7} = {F3C9E777-E15C-46D4-A803-B49E13FCF4B7}
	EndGlobalSection
	GlobalSection(ExtensibilityGlobals) = postSolution
		SolutionGuid = {50F95F56-21A2-47E3-AC42-C6CC61946204}
	EndGlobalSection
EndGlobal
