
Microsoft Visual Studio Solution File, Format Version 12.00
# Visual Studio 15
VisualStudioVersion = 15.0.26730.16
MinimumVisualStudioVersion = 10.0.40219.1
Project("{FAE04EC0-301F-11D3-BF4B-00C04F79EFBC}") = "WebApiApplication", "WebApiApplication\WebApiApplication.csproj", "{1EFD5129-2E0C-4C25-8ED4-3D392EE273D0}"
EndProject
Global
	GlobalSection(SolutionConfigurationPlatforms) = preSolution
		Debug|Any CPU = Debug|Any CPU
		Release|Any CPU = Release|Any CPU
	EndGlobalSection
	GlobalSection(ProjectConfigurationPlatforms) = postSolution
		{1EFD5129-2E0C-4C25-8ED4-3D392EE273D0}.Debug|Any CPU.ActiveCfg = Debug|Any CPU
		{1EFD5129-2E0C-4C25-8ED4-3D392EE273D0}.Debug|Any CPU.Build.0 = Debug|Any CPU
		{1EFD5129-2E0C-4C25-8ED4-3D392EE273D0}.Release|Any CPU.ActiveCfg = Release|Any CPU
		{1EFD5129-2E0C-4C25-8ED4-3D392EE273D0}.Release|Any CPU.Build.0 = Release|Any CPU
	EndGlobalSection
	GlobalSection(SolutionProperties) = preSolution
		HideSolutionNode = FALSE
	EndGlobalSection
	GlobalSection(ExtensibilityGlobals) = postSolution
		SolutionGuid = {50F95F56-21A2-47E3-AC42-C6CC61946204}
	EndGlobalSection
EndGlobal
