
Microsoft Visual Studio Solution File, Format Version 12.00
# Visual Studio 15
VisualStudioVersion = 15.0.26730.16
MinimumVisualStudioVersion = 10.0.40219.1
Project("{FAE04EC0-301F-11D3-BF4B-00C04F79EFBC}") = "RazorPagesApplication", "RazorPagesApplication\RazorPagesApplication.csproj", "{8A66CD78-EC97-468A-80CF-6EDD639D5CDE}"
EndProject
Global
	GlobalSection(SolutionConfigurationPlatforms) = preSolution
		Debug|Any CPU = Debug|Any CPU
		Release|Any CPU = Release|Any CPU
	EndGlobalSection
	GlobalSection(ProjectConfigurationPlatforms) = postSolution
		{8A66CD78-EC97-468A-80CF-6EDD639D5CDE}.Debug|Any CPU.ActiveCfg = Debug|Any CPU
		{8A66CD78-EC97-468A-80CF-6EDD639D5CDE}.Debug|Any CPU.Build.0 = Debug|Any CPU
		{8A66CD78-EC97-468A-80CF-6EDD639D5CDE}.Release|Any CPU.ActiveCfg = Release|Any CPU
		{8A66CD78-EC97-468A-80CF-6EDD639D5CDE}.Release|Any CPU.Build.0 = Release|Any CPU
	EndGlobalSection
	GlobalSection(SolutionProperties) = preSolution
		HideSolutionNode = FALSE
	EndGlobalSection
	GlobalSection(ExtensibilityGlobals) = postSolution
		SolutionGuid = {50F95F56-21A2-47E3-AC42-C6CC61946204}
	EndGlobalSection
EndGlobal
